// !$*UTF8*$!
{
	archiveVersion = 1;
	classes = {
	};
	objectVersion = 48;
	objects = {

/* Begin PBXBuildFile section */
		67D3180BDA0DE7A6D8207ECB /* Pods_PakarZapaterias.framework in Frameworks */ = {isa = PBXBuildFile; fileRef = 7C7C26EB6DDCE41DC0BE3F89 /* Pods_PakarZapaterias.framework */; };
		D0190BF42033C77F009DCB83 /* VoteCompleteSB.storyboard in Resources */ = {isa = PBXBuildFile; fileRef = D0190BF32033C77F009DCB83 /* VoteCompleteSB.storyboard */; };
		D0190BF62033C7AA009DCB83 /* VoteCompleteViewController.swift in Sources */ = {isa = PBXBuildFile; fileRef = D0190BF52033C7AA009DCB83 /* VoteCompleteViewController.swift */; };
		D05C0530203236D200873D2E /* AppDelegate.swift in Sources */ = {isa = PBXBuildFile; fileRef = D05C052F203236D200873D2E /* AppDelegate.swift */; };
		D05C0532203236D200873D2E /* ViewController.swift in Sources */ = {isa = PBXBuildFile; fileRef = D05C0531203236D200873D2E /* ViewController.swift */; };
		D05C0535203236D200873D2E /* Main.storyboard in Resources */ = {isa = PBXBuildFile; fileRef = D05C0533203236D200873D2E /* Main.storyboard */; };
		D05C0537203236D200873D2E /* Assets.xcassets in Resources */ = {isa = PBXBuildFile; fileRef = D05C0536203236D200873D2E /* Assets.xcassets */; };
		D05C053A203236D200873D2E /* LaunchScreen.storyboard in Resources */ = {isa = PBXBuildFile; fileRef = D05C0538203236D200873D2E /* LaunchScreen.storyboard */; };
		D05C05422032569C00873D2E /* EmployeeVoteScreen.swift in Sources */ = {isa = PBXBuildFile; fileRef = D05C05412032569C00873D2E /* EmployeeVoteScreen.swift */; };
		D05C05442032672A00873D2E /* UserVoteScreen.swift in Sources */ = {isa = PBXBuildFile; fileRef = D05C05432032672A00873D2E /* UserVoteScreen.swift */; };
/* End PBXBuildFile section */

/* Begin PBXFileReference section */
		1CFF481F98D2450758BE31C3 /* Pods-PakarZapaterias.debug.xcconfig */ = {isa = PBXFileReference; includeInIndex = 1; lastKnownFileType = text.xcconfig; name = "Pods-PakarZapaterias.debug.xcconfig"; path = "Pods/Target Support Files/Pods-PakarZapaterias/Pods-PakarZapaterias.debug.xcconfig"; sourceTree = "<group>"; };
		7C7C26EB6DDCE41DC0BE3F89 /* Pods_PakarZapaterias.framework */ = {isa = PBXFileReference; explicitFileType = wrapper.framework; includeInIndex = 0; path = Pods_PakarZapaterias.framework; sourceTree = BUILT_PRODUCTS_DIR; };
		D0190BF32033C77F009DCB83 /* VoteCompleteSB.storyboard */ = {isa = PBXFileReference; lastKnownFileType = file.storyboard; path = VoteCompleteSB.storyboard; sourceTree = "<group>"; };
		D0190BF52033C7AA009DCB83 /* VoteCompleteViewController.swift */ = {isa = PBXFileReference; lastKnownFileType = sourcecode.swift; path = VoteCompleteViewController.swift; sourceTree = "<group>"; };
		D05C052C203236D200873D2E /* PakarZapaterias.app */ = {isa = PBXFileReference; explicitFileType = wrapper.application; includeInIndex = 0; path = PakarZapaterias.app; sourceTree = BUILT_PRODUCTS_DIR; };
		D05C052F203236D200873D2E /* AppDelegate.swift */ = {isa = PBXFileReference; lastKnownFileType = sourcecode.swift; path = AppDelegate.swift; sourceTree = "<group>"; };
		D05C0531203236D200873D2E /* ViewController.swift */ = {isa = PBXFileReference; lastKnownFileType = sourcecode.swift; path = ViewController.swift; sourceTree = "<group>"; };
		D05C0534203236D200873D2E /* Base */ = {isa = PBXFileReference; lastKnownFileType = file.storyboard; name = Base; path = Base.lproj/Main.storyboard; sourceTree = "<group>"; };
		D05C0536203236D200873D2E /* Assets.xcassets */ = {isa = PBXFileReference; lastKnownFileType = folder.assetcatalog; path = Assets.xcassets; sourceTree = "<group>"; };
		D05C0539203236D200873D2E /* Base */ = {isa = PBXFileReference; lastKnownFileType = file.storyboard; name = Base; path = Base.lproj/LaunchScreen.storyboard; sourceTree = "<group>"; };
		D05C053B203236D200873D2E /* Info.plist */ = {isa = PBXFileReference; lastKnownFileType = text.plist.xml; path = Info.plist; sourceTree = "<group>"; };
		D05C05412032569C00873D2E /* EmployeeVoteScreen.swift */ = {isa = PBXFileReference; lastKnownFileType = sourcecode.swift; path = EmployeeVoteScreen.swift; sourceTree = "<group>"; };
		D05C05432032672A00873D2E /* UserVoteScreen.swift */ = {isa = PBXFileReference; lastKnownFileType = sourcecode.swift; path = UserVoteScreen.swift; sourceTree = "<group>"; };
		E6C843FFC785B3A5B5E42D26 /* Pods-PakarZapaterias.release.xcconfig */ = {isa = PBXFileReference; includeInIndex = 1; lastKnownFileType = text.xcconfig; name = "Pods-PakarZapaterias.release.xcconfig"; path = "Pods/Target Support Files/Pods-PakarZapaterias/Pods-PakarZapaterias.release.xcconfig"; sourceTree = "<group>"; };
/* End PBXFileReference section */

/* Begin PBXFrameworksBuildPhase section */
		D05C0529203236D200873D2E /* Frameworks */ = {
			isa = PBXFrameworksBuildPhase;
			buildActionMask = 2147483647;
			files = (
				67D3180BDA0DE7A6D8207ECB /* Pods_PakarZapaterias.framework in Frameworks */,
			);
			runOnlyForDeploymentPostprocessing = 0;
		};
/* End PBXFrameworksBuildPhase section */

/* Begin PBXGroup section */
		9EFA0809E85F24D92C458261 /* Frameworks */ = {
			isa = PBXGroup;
			children = (
				7C7C26EB6DDCE41DC0BE3F89 /* Pods_PakarZapaterias.framework */,
			);
			name = Frameworks;
			sourceTree = "<group>";
		};
		BE06CE7EF507C92514DCC3D2 /* Pods */ = {
			isa = PBXGroup;
			children = (
				1CFF481F98D2450758BE31C3 /* Pods-PakarZapaterias.debug.xcconfig */,
				E6C843FFC785B3A5B5E42D26 /* Pods-PakarZapaterias.release.xcconfig */,
			);
			name = Pods;
			sourceTree = "<group>";
		};
		D05C0523203236D100873D2E = {
			isa = PBXGroup;
			children = (
				D05C052E203236D200873D2E /* PakarZapaterias */,
				D05C052D203236D200873D2E /* Products */,
				BE06CE7EF507C92514DCC3D2 /* Pods */,
				9EFA0809E85F24D92C458261 /* Frameworks */,
			);
			sourceTree = "<group>";
		};
		D05C052D203236D200873D2E /* Products */ = {
			isa = PBXGroup;
			children = (
				D05C052C203236D200873D2E /* PakarZapaterias.app */,
			);
			name = Products;
			sourceTree = "<group>";
		};
		D05C052E203236D200873D2E /* PakarZapaterias */ = {
			isa = PBXGroup;
			children = (
				D05C052F203236D200873D2E /* AppDelegate.swift */,
				D05C0531203236D200873D2E /* ViewController.swift */,
				D05C05412032569C00873D2E /* EmployeeVoteScreen.swift */,
				D05C05432032672A00873D2E /* UserVoteScreen.swift */,
				D05C0533203236D200873D2E /* Main.storyboard */,
				D0190BF32033C77F009DCB83 /* VoteCompleteSB.storyboard */,
				D0190BF52033C7AA009DCB83 /* VoteCompleteViewController.swift */,
				D05C0536203236D200873D2E /* Assets.xcassets */,
				D05C0538203236D200873D2E /* LaunchScreen.storyboard */,
				D05C053B203236D200873D2E /* Info.plist */,
			);
			path = PakarZapaterias;
			sourceTree = "<group>";
		};
/* End PBXGroup section */

/* Begin PBXNativeTarget section */
		D05C052B203236D200873D2E /* PakarZapaterias */ = {
			isa = PBXNativeTarget;
			buildConfigurationList = D05C053E203236D200873D2E /* Build configuration list for PBXNativeTarget "PakarZapaterias" */;
			buildPhases = (
				BFC5EC16005B2B24EECAAFCE /* [CP] Check Pods Manifest.lock */,
				D05C0528203236D200873D2E /* Sources */,
				D05C0529203236D200873D2E /* Frameworks */,
				D05C052A203236D200873D2E /* Resources */,
				483573AC8FA1B654A7631A3B /* [CP] Embed Pods Frameworks */,
				8E56F3DC4F26EDCA3D6BBC54 /* [CP] Copy Pods Resources */,
			);
			buildRules = (
			);
			dependencies = (
			);
			name = PakarZapaterias;
			productName = PakarZapaterias;
			productReference = D05C052C203236D200873D2E /* PakarZapaterias.app */;
			productType = "com.apple.product-type.application";
		};
/* End PBXNativeTarget section */

/* Begin PBXProject section */
		D05C0524203236D100873D2E /* Project object */ = {
			isa = PBXProject;
			attributes = {
				LastSwiftUpdateCheck = 0920;
				LastUpgradeCheck = 0920;
				ORGANIZATIONNAME = RedWhale;
				TargetAttributes = {
					D05C052B203236D200873D2E = {
						CreatedOnToolsVersion = 9.2;
						ProvisioningStyle = Automatic;
					};
				};
			};
			buildConfigurationList = D05C0527203236D100873D2E /* Build configuration list for PBXProject "PakarZapaterias" */;
			compatibilityVersion = "Xcode 8.0";
			developmentRegion = en;
			hasScannedForEncodings = 0;
			knownRegions = (
				en,
				Base,
			);
			mainGroup = D05C0523203236D100873D2E;
			productRefGroup = D05C052D203236D200873D2E /* Products */;
			projectDirPath = "";
			projectRoot = "";
			targets = (
				D05C052B203236D200873D2E /* PakarZapaterias */,
			);
		};
/* End PBXProject section */

/* Begin PBXResourcesBuildPhase section */
		D05C052A203236D200873D2E /* Resources */ = {
			isa = PBXResourcesBuildPhase;
			buildActionMask = 2147483647;
			files = (
				D0190BF42033C77F009DCB83 /* VoteCompleteSB.storyboard in Resources */,
				D05C053A203236D200873D2E /* LaunchScreen.storyboard in Resources */,
				D05C0537203236D200873D2E /* Assets.xcassets in Resources */,
				D05C0535203236D200873D2E /* Main.storyboard in Resources */,
			);
			runOnlyForDeploymentPostprocessing = 0;
		};
/* End PBXResourcesBuildPhase section */

/* Begin PBXShellScriptBuildPhase section */
		483573AC8FA1B654A7631A3B /* [CP] Embed Pods Frameworks */ = {
			isa = PBXShellScriptBuildPhase;
			buildActionMask = 2147483647;
			files = (
			);
			inputPaths = (
			);
			name = "[CP] Embed Pods Frameworks";
			outputPaths = (
			);
			runOnlyForDeploymentPostprocessing = 0;
			shellPath = /bin/sh;
			shellScript = "\"${SRCROOT}/Pods/Target Support Files/Pods-PakarZapaterias/Pods-PakarZapaterias-frameworks.sh\"\n";
			showEnvVarsInLog = 0;
		};
		8E56F3DC4F26EDCA3D6BBC54 /* [CP] Copy Pods Resources */ = {
			isa = PBXShellScriptBuildPhase;
			buildActionMask = 2147483647;
			files = (
			);
			inputPaths = (
			);
			name = "[CP] Copy Pods Resources";
			outputPaths = (
			);
			runOnlyForDeploymentPostprocessing = 0;
			shellPath = /bin/sh;
			shellScript = "\"${SRCROOT}/Pods/Target Support Files/Pods-PakarZapaterias/Pods-PakarZapaterias-resources.sh\"\n";
			showEnvVarsInLog = 0;
		};
		BFC5EC16005B2B24EECAAFCE /* [CP] Check Pods Manifest.lock */ = {
			isa = PBXShellScriptBuildPhase;
			buildActionMask = 2147483647;
			files = (
			);
			inputPaths = (
			);
			name = "[CP] Check Pods Manifest.lock";
			outputPaths = (
			);
			runOnlyForDeploymentPostprocessing = 0;
			shellPath = /bin/sh;
			shellScript = "diff \"${PODS_PODFILE_DIR_PATH}/Podfile.lock\" \"${PODS_ROOT}/Manifest.lock\" > /dev/null\nif [ $? != 0 ] ; then\n    # print error to STDERR\n    echo \"error: The sandbox is not in sync with the Podfile.lock. Run 'pod install' or update your CocoaPods installation.\" >&2\n    exit 1\nfi\n";
			showEnvVarsInLog = 0;
		};
/* End PBXShellScriptBuildPhase section */

/* Begin PBXSourcesBuildPhase section */
		D05C0528203236D200873D2E /* Sources */ = {
			isa = PBXSourcesBuildPhase;
			buildActionMask = 2147483647;
			files = (
				D05C05442032672A00873D2E /* UserVoteScreen.swift in Sources */,
				D05C0532203236D200873D2E /* ViewController.swift in Sources */,
				D05C05422032569C00873D2E /* EmployeeVoteScreen.swift in Sources */,
				D0190BF62033C7AA009DCB83 /* VoteCompleteViewController.swift in Sources */,
				D05C0530203236D200873D2E /* AppDelegate.swift in Sources */,
			);
			runOnlyForDeploymentPostprocessing = 0;
		};
/* End PBXSourcesBuildPhase section */

/* Begin PBXVariantGroup section */
		D05C0533203236D200873D2E /* Main.storyboard */ = {
			isa = PBXVariantGroup;
			children = (
				D05C0534203236D200873D2E /* Base */,
			);
			name = Main.storyboard;
			sourceTree = "<group>";
		};
		D05C0538203236D200873D2E /* LaunchScreen.storyboard */ = {
			isa = PBXVariantGroup;
			children = (
				D05C0539203236D200873D2E /* Base */,
			);
			name = LaunchScreen.storyboard;
			sourceTree = "<group>";
		};
/* End PBXVariantGroup section */

/* Begin XCBuildConfiguration section */
		D05C053C203236D200873D2E /* Debug */ = {
			isa = XCBuildConfiguration;
			buildSettings = {
				ALWAYS_SEARCH_USER_PATHS = NO;
				CLANG_ANALYZER_NONNULL = YES;
				CLANG_ANALYZER_NUMBER_OBJECT_CONVERSION = YES_AGGRESSIVE;
				CLANG_CXX_LANGUAGE_STANDARD = "gnu++14";
				CLANG_CXX_LIBRARY = "libc++";
				CLANG_ENABLE_MODULES = YES;
				CLANG_ENABLE_OBJC_ARC = YES;
				CLANG_WARN_BLOCK_CAPTURE_AUTORELEASING = YES;
				CLANG_WARN_BOOL_CONVERSION = YES;
				CLANG_WARN_COMMA = YES;
				CLANG_WARN_CONSTANT_CONVERSION = YES;
				CLANG_WARN_DIRECT_OBJC_ISA_USAGE = YES_ERROR;
				CLANG_WARN_DOCUMENTATION_COMMENTS = YES;
				CLANG_WARN_EMPTY_BODY = YES;
				CLANG_WARN_ENUM_CONVERSION = YES;
				CLANG_WARN_INFINITE_RECURSION = YES;
				CLANG_WARN_INT_CONVERSION = YES;
				CLANG_WARN_NON_LITERAL_NULL_CONVERSION = YES;
				CLANG_WARN_OBJC_LITERAL_CONVERSION = YES;
				CLANG_WARN_OBJC_ROOT_CLASS = YES_ERROR;
				CLANG_WARN_RANGE_LOOP_ANALYSIS = YES;
				CLANG_WARN_STRICT_PROTOTYPES = YES;
				CLANG_WARN_SUSPICIOUS_MOVE = YES;
				CLANG_WARN_UNGUARDED_AVAILABILITY = YES_AGGRESSIVE;
				CLANG_WARN_UNREACHABLE_CODE = YES;
				CLANG_WARN__DUPLICATE_METHOD_MATCH = YES;
				CODE_SIGN_IDENTITY = "iPhone Developer";
				COPY_PHASE_STRIP = NO;
				DEBUG_INFORMATION_FORMAT = dwarf;
				ENABLE_STRICT_OBJC_MSGSEND = YES;
				ENABLE_TESTABILITY = YES;
				GCC_C_LANGUAGE_STANDARD = gnu11;
				GCC_DYNAMIC_NO_PIC = NO;
				GCC_NO_COMMON_BLOCKS = YES;
				GCC_OPTIMIZATION_LEVEL = 0;
				GCC_PREPROCESSOR_DEFINITIONS = (
					"DEBUG=1",
					"$(inherited)",
				);
				GCC_WARN_64_TO_32_BIT_CONVERSION = YES;
				GCC_WARN_ABOUT_RETURN_TYPE = YES_ERROR;
				GCC_WARN_UNDECLARED_SELECTOR = YES;
				GCC_WARN_UNINITIALIZED_AUTOS = YES_AGGRESSIVE;
				GCC_WARN_UNUSED_FUNCTION = YES;
				GCC_WARN_UNUSED_VARIABLE = YES;
				IPHONEOS_DEPLOYMENT_TARGET = 11.2;
				MTL_ENABLE_DEBUG_INFO = YES;
				ONLY_ACTIVE_ARCH = YES;
				SDKROOT = iphoneos;
				SWIFT_ACTIVE_COMPILATION_CONDITIONS = DEBUG;
				SWIFT_OPTIMIZATION_LEVEL = "-Onone";
			};
			name = Debug;
		};
		D05C053D203236D200873D2E /* Release */ = {
			isa = XCBuildConfiguration;
			buildSettings = {
				ALWAYS_SEARCH_USER_PATHS = NO;
				CLANG_ANALYZER_NONNULL = YES;
				CLANG_ANALYZER_NUMBER_OBJECT_CONVERSION = YES_AGGRESSIVE;
				CLANG_CXX_LANGUAGE_STANDARD = "gnu++14";
				CLANG_CXX_LIBRARY = "libc++";
				CLANG_ENABLE_MODULES = YES;
				CLANG_ENABLE_OBJC_ARC = YES;
				CLANG_WARN_BLOCK_CAPTURE_AUTORELEASING = YES;
				CLANG_WARN_BOOL_CONVERSION = YES;
				CLANG_WARN_COMMA = YES;
				CLANG_WARN_CONSTANT_CONVERSION = YES;
				CLANG_WARN_DIRECT_OBJC_ISA_USAGE = YES_ERROR;
				CLANG_WARN_DOCUMENTATION_COMMENTS = YES;
				CLANG_WARN_EMPTY_BODY = YES;
				CLANG_WARN_ENUM_CONVERSION = YES;
				CLANG_WARN_INFINITE_RECURSION = YES;
				CLANG_WARN_INT_CONVERSION = YES;
				CLANG_WARN_NON_LITERAL_NULL_CONVERSION = YES;
				CLANG_WARN_OBJC_LITERAL_CONVERSION = YES;
				CLANG_WARN_OBJC_ROOT_CLASS = YES_ERROR;
				CLANG_WARN_RANGE_LOOP_ANALYSIS = YES;
				CLANG_WARN_STRICT_PROTOTYPES = YES;
				CLANG_WARN_SUSPICIOUS_MOVE = YES;
				CLANG_WARN_UNGUARDED_AVAILABILITY = YES_AGGRESSIVE;
				CLANG_WARN_UNREACHABLE_CODE = YES;
				CLANG_WARN__DUPLICATE_METHOD_MATCH = YES;
				CODE_SIGN_IDENTITY = "iPhone Developer";
				COPY_PHASE_STRIP = NO;
				DEBUG_INFORMATION_FORMAT = "dwarf-with-dsym";
				ENABLE_NS_ASSERTIONS = NO;
				ENABLE_STRICT_OBJC_MSGSEND = YES;
				GCC_C_LANGUAGE_STANDARD = gnu11;
				GCC_NO_COMMON_BLOCKS = YES;
				GCC_WARN_64_TO_32_BIT_CONVERSION = YES;
				GCC_WARN_ABOUT_RETURN_TYPE = YES_ERROR;
				GCC_WARN_UNDECLARED_SELECTOR = YES;
				GCC_WARN_UNINITIALIZED_AUTOS = YES_AGGRESSIVE;
				GCC_WARN_UNUSED_FUNCTION = YES;
				GCC_WARN_UNUSED_VARIABLE = YES;
				IPHONEOS_DEPLOYMENT_TARGET = 11.2;
				MTL_ENABLE_DEBUG_INFO = NO;
				SDKROOT = iphoneos;
				SWIFT_OPTIMIZATION_LEVEL = "-Owholemodule";
				VALIDATE_PRODUCT = YES;
			};
			name = Release;
		};
		D05C053F203236D200873D2E /* Debug */ = {
			isa = XCBuildConfiguration;
			baseConfigurationReference = 1CFF481F98D2450758BE31C3 /* Pods-PakarZapaterias.debug.xcconfig */;
			buildSettings = {
				ASSETCATALOG_COMPILER_APPICON_NAME = AppIcon;
				CODE_SIGN_STYLE = Automatic;
				INFOPLIST_FILE = PakarZapaterias/Info.plist;
				LD_RUNPATH_SEARCH_PATHS = "$(inherited) @executable_path/Frameworks";
				PRODUCT_BUNDLE_IDENTIFIER = com.RedWhale.PakarZapaterias;
				PRODUCT_NAME = "$(TARGET_NAME)";
				SWIFT_VERSION = 4.0;
				TARGETED_DEVICE_FAMILY = "1,2";
			};
			name = Debug;
		};
		D05C0540203236D200873D2E /* Release */ = {
			isa = XCBuildConfiguration;
			baseConfigurationReference = E6C843FFC785B3A5B5E42D26 /* Pods-PakarZapaterias.release.xcconfig */;
			buildSettings = {
				ASSETCATALOG_COMPILER_APPICON_NAME = AppIcon;
				CODE_SIGN_STYLE = Automatic;
				INFOPLIST_FILE = PakarZapaterias/Info.plist;
				LD_RUNPATH_SEARCH_PATHS = "$(inherited) @executable_path/Frameworks";
				PRODUCT_BUNDLE_IDENTIFIER = com.RedWhale.PakarZapaterias;
				PRODUCT_NAME = "$(TARGET_NAME)";
				SWIFT_VERSION = 4.0;
				TARGETED_DEVICE_FAMILY = "1,2";
			};
			name = Release;
		};
/* End XCBuildConfiguration section */

/* Begin XCConfigurationList section */
		D05C0527203236D100873D2E /* Build configuration list for PBXProject "PakarZapaterias" */ = {
			isa = XCConfigurationList;
			buildConfigurations = (
				D05C053C203236D200873D2E /* Debug */,
				D05C053D203236D200873D2E /* Release */,
			);
			defaultConfigurationIsVisible = 0;
			defaultConfigurationName = Release;
		};
		D05C053E203236D200873D2E /* Build configuration list for PBXNativeTarget "PakarZapaterias" */ = {
			isa = XCConfigurationList;
			buildConfigurations = (
				D05C053F203236D200873D2E /* Debug */,
				D05C0540203236D200873D2E /* Release */,
			);
			defaultConfigurationIsVisible = 0;
			defaultConfigurationName = Release;
		};
/* End XCConfigurationList section */
	};
	rootObject = D05C0524203236D100873D2E /* Project object */;
}
